{
  "name": "usage-app",
  "version": "1.0.0",
  "lockfileVersion": 1,
  "requires": true,
  "dependencies": {
    "component-one": {
      "version": "1.0.5",
      "resolved": "http://localhost:4873/component-one/-/component-one-1.0.5.tgz",
      "integrity": "sha512-wnXhQysy71SNct/PEuZaqOXoOgeNgPQjmCsZr8Yc0r9t+w4aOwto3iTUrEzHyUTaJeiTso2NJTWg2n0ffjlygg==",
      "requires": {
        "sillyname": "^0.1.0"
      }
    },
    "sillyname": {
      "version": "0.1.0",
      "resolved": "http://localhost:4873/sillyname/-/sillyname-0.1.0.tgz",
      "integrity": "sha1-z9mIWOJJhnE0d3Xv47tRQfRsh9Y="
    }
  }
}
